
Microsoft Visual Studio Solution File, Format Version 12.00
# Visual Studio Version 16
VisualStudioVersion = 16.0.31727.386
MinimumVisualStudioVersion = 10.0.40219.1
Project("{FAE04EC0-301F-11D3-BF4B-00C04F79EFBC}") = "SQLite_UTF16Econdig_Reproduce", "SQLite_UTF16Econdig_Reproduce.csproj", "{D7862411-E09E-4153-9A7B-B09CBF934515}"
EndProject
Global
	GlobalSection(SolutionConfigurationPlatforms) = preSolution
		Debug|Any CPU = Debug|Any CPU
		Release|Any CPU = Release|Any CPU
	EndGlobalSection
	GlobalSection(ProjectConfigurationPlatforms) = postSolution
		{D7862411-E09E-4153-9A7B-B09CBF934515}.Debug|Any CPU.ActiveCfg = Debug|Any CPU
		{D7862411-E09E-4153-9A7B-B09CBF934515}.Debug|Any CPU.Build.0 = Debug|Any CPU
		{D7862411-E09E-4153-9A7B-B09CBF934515}.Release|Any CPU.ActiveCfg = Release|Any CPU
		{D7862411-E09E-4153-9A7B-B09CBF934515}.Release|Any CPU.Build.0 = Release|Any CPU
	EndGlobalSection
	GlobalSection(SolutionProperties) = preSolution
		HideSolutionNode = FALSE
	EndGlobalSection
	GlobalSection(ExtensibilityGlobals) = postSolution
		SolutionGuid = {B6E46927-26B1-4111-B062-F83E1D314051}
	EndGlobalSection
EndGlobal
